
Microsoft Visual Studio Solution File, Format Version 12.00
# Visual Studio Version 16
VisualStudioVersion = 16.0.32228.343
MinimumVisualStudioVersion = 10.0.40219.1
Project("{FAE04EC0-301F-11D3-BF4B-00C04F79EFBC}") = "EntitiyLayer", "EntitiyLayer\EntitiyLayer.csproj", "{0D248A11-D29A-45FF-A336-561EAAC09831}"
EndProject
Project("{FAE04EC0-301F-11D3-BF4B-00C04F79EFBC}") = "DataAccessLayer", "DataAccessLayer\DataAccessLayer.csproj", "{5C36153A-0E2C-4166-952D-BED4EB43AB2A}"
EndProject
Project("{FAE04EC0-301F-11D3-BF4B-00C04F79EFBC}") = "BusinnesLayer", "BusinnesLayer\BusinnesLayer.csproj", "{DCA17513-B9A0-4AE8-86BC-69F4661A5BBA}"
EndProject
Project("{FAE04EC0-301F-11D3-BF4B-00C04F79EFBC}") = "PasswordApp", "PasswordApp\PasswordApp.csproj", "{A735720C-E3E1-4CEB-9F4D-A1D1948E7D45}"
EndProject
Global
	GlobalSection(SolutionConfigurationPlatforms) = preSolution
		Debug|Any CPU = Debug|Any CPU
		Release|Any CPU = Release|Any CPU
	EndGlobalSection
	GlobalSection(ProjectConfigurationPlatforms) = postSolution
		{0D248A11-D29A-45FF-A336-561EAAC09831}.Debug|Any CPU.ActiveCfg = Debug|Any CPU
		{0D248A11-D29A-45FF-A336-561EAAC09831}.Debug|Any CPU.Build.0 = Debug|Any CPU
		{0D248A11-D29A-45FF-A336-561EAAC09831}.Release|Any CPU.ActiveCfg = Release|Any CPU
		{0D248A11-D29A-45FF-A336-561EAAC09831}.Release|Any CPU.Build.0 = Release|Any CPU
		{5C36153A-0E2C-4166-952D-BED4EB43AB2A}.Debug|Any CPU.ActiveCfg = Debug|Any CPU
		{5C36153A-0E2C-4166-952D-BED4EB43AB2A}.Debug|Any CPU.Build.0 = Debug|Any CPU
		{5C36153A-0E2C-4166-952D-BED4EB43AB2A}.Release|Any CPU.ActiveCfg = Release|Any CPU
		{5C36153A-0E2C-4166-952D-BED4EB43AB2A}.Release|Any CPU.Build.0 = Release|Any CPU
		{DCA17513-B9A0-4AE8-86BC-69F4661A5BBA}.Debug|Any CPU.ActiveCfg = Debug|Any CPU
		{DCA17513-B9A0-4AE8-86BC-69F4661A5BBA}.Debug|Any CPU.Build.0 = Debug|Any CPU
		{DCA17513-B9A0-4AE8-86BC-69F4661A5BBA}.Release|Any CPU.ActiveCfg = Release|Any CPU
		{DCA17513-B9A0-4AE8-86BC-69F4661A5BBA}.Release|Any CPU.Build.0 = Release|Any CPU
		{A735720C-E3E1-4CEB-9F4D-A1D1948E7D45}.Debug|Any CPU.ActiveCfg = Debug|Any CPU
		{A735720C-E3E1-4CEB-9F4D-A1D1948E7D45}.Debug|Any CPU.Build.0 = Debug|Any CPU
		{A735720C-E3E1-4CEB-9F4D-A1D1948E7D45}.Release|Any CPU.ActiveCfg = Release|Any CPU
		{A735720C-E3E1-4CEB-9F4D-A1D1948E7D45}.Release|Any CPU.Build.0 = Release|Any CPU
	EndGlobalSection
	GlobalSection(SolutionProperties) = preSolution
		HideSolutionNode = FALSE
	EndGlobalSection
	GlobalSection(ExtensibilityGlobals) = postSolution
		SolutionGuid = {EA224C8D-31EF-4837-9A31-E74DC77331BD}
	EndGlobalSection
EndGlobal
